
Microsoft Visual Studio Solution File, Format Version 12.00
# Visual Studio Version 16
VisualStudioVersion = 16.0.30204.135
MinimumVisualStudioVersion = 10.0.40219.1
Project("{FAE04EC0-301F-11D3-BF4B-00C04F79EFBC}") = "Reverse String", "Reverse String\Reverse String.csproj", "{B3C9A4F3-8539-4EB5-9D4C-D3ECB9128C0E}"
EndProject
Global
	GlobalSection(SolutionConfigurationPlatforms) = preSolution
		Debug|Any CPU = Debug|Any CPU
		Release|Any CPU = Release|Any CPU
	EndGlobalSection
	GlobalSection(ProjectConfigurationPlatforms) = postSolution
		{B3C9A4F3-8539-4EB5-9D4C-D3ECB9128C0E}.Debug|Any CPU.ActiveCfg = Debug|Any CPU
		{B3C9A4F3-8539-4EB5-9D4C-D3ECB9128C0E}.Debug|Any CPU.Build.0 = Debug|Any CPU
		{B3C9A4F3-8539-4EB5-9D4C-D3ECB9128C0E}.Release|Any CPU.ActiveCfg = Release|Any CPU
		{B3C9A4F3-8539-4EB5-9D4C-D3ECB9128C0E}.Release|Any CPU.Build.0 = Release|Any CPU
	EndGlobalSection
	GlobalSection(SolutionProperties) = preSolution
		HideSolutionNode = FALSE
	EndGlobalSection
	GlobalSection(ExtensibilityGlobals) = postSolution
		SolutionGuid = {BD8538E3-BB62-48F3-96AE-FE305D56B7B7}
	EndGlobalSection
EndGlobal
