
Microsoft Visual Studio Solution File, Format Version 12.00
# Visual Studio Version 16
VisualStudioVersion = 16.0.30204.135
MinimumVisualStudioVersion = 10.0.40219.1
Project("{FAE04EC0-301F-11D3-BF4B-00C04F79EFBC}") = "OOP Renew", "OOP Renew\OOP Renew.csproj", "{40AF78D9-597E-4F8A-B8F7-9519333CAED6}"
EndProject
Global
	GlobalSection(SolutionConfigurationPlatforms) = preSolution
		Debug|Any CPU = Debug|Any CPU
		Release|Any CPU = Release|Any CPU
	EndGlobalSection
	GlobalSection(ProjectConfigurationPlatforms) = postSolution
		{40AF78D9-597E-4F8A-B8F7-9519333CAED6}.Debug|Any CPU.ActiveCfg = Debug|Any CPU
		{40AF78D9-597E-4F8A-B8F7-9519333CAED6}.Debug|Any CPU.Build.0 = Debug|Any CPU
		{40AF78D9-597E-4F8A-B8F7-9519333CAED6}.Release|Any CPU.ActiveCfg = Release|Any CPU
		{40AF78D9-597E-4F8A-B8F7-9519333CAED6}.Release|Any CPU.Build.0 = Release|Any CPU
	EndGlobalSection
	GlobalSection(SolutionProperties) = preSolution
		HideSolutionNode = FALSE
	EndGlobalSection
	GlobalSection(ExtensibilityGlobals) = postSolution
		SolutionGuid = {0CE764D2-1D26-4D5E-8ACD-FD6A1B68F5AB}
	EndGlobalSection
EndGlobal
