
Microsoft Visual Studio Solution File, Format Version 12.00
# Visual Studio Version 16
VisualStudioVersion = 16.0.29926.136
MinimumVisualStudioVersion = 10.0.40219.1
Project("{FAE04EC0-301F-11D3-BF4B-00C04F79EFBC}") = "Object Oriented", "Object Oriented\Object Oriented.csproj", "{F2B8193D-1D3E-4D30-82DC-ED45791F4ACE}"
EndProject
Global
	GlobalSection(SolutionConfigurationPlatforms) = preSolution
		Debug|Any CPU = Debug|Any CPU
		Release|Any CPU = Release|Any CPU
	EndGlobalSection
	GlobalSection(ProjectConfigurationPlatforms) = postSolution
		{F2B8193D-1D3E-4D30-82DC-ED45791F4ACE}.Debug|Any CPU.ActiveCfg = Debug|Any CPU
		{F2B8193D-1D3E-4D30-82DC-ED45791F4ACE}.Debug|Any CPU.Build.0 = Debug|Any CPU
		{F2B8193D-1D3E-4D30-82DC-ED45791F4ACE}.Release|Any CPU.ActiveCfg = Release|Any CPU
		{F2B8193D-1D3E-4D30-82DC-ED45791F4ACE}.Release|Any CPU.Build.0 = Release|Any CPU
	EndGlobalSection
	GlobalSection(SolutionProperties) = preSolution
		HideSolutionNode = FALSE
	EndGlobalSection
	GlobalSection(ExtensibilityGlobals) = postSolution
		SolutionGuid = {F1BE5B10-0A63-47CB-B52C-9663946308EB}
	EndGlobalSection
EndGlobal
