
Microsoft Visual Studio Solution File, Format Version 12.00
# Visual Studio Version 16
VisualStudioVersion = 16.0.30907.101
MinimumVisualStudioVersion = 10.0.40219.1
Project("{FAE04EC0-301F-11D3-BF4B-00C04F79EFBC}") = "OOP2", "OOP2\OOP2.csproj", "{B1C4C02C-1C31-43E8-804B-E322D34E5783}"
EndProject
Global
	GlobalSection(SolutionConfigurationPlatforms) = preSolution
		Debug|Any CPU = Debug|Any CPU
		Release|Any CPU = Release|Any CPU
	EndGlobalSection
	GlobalSection(ProjectConfigurationPlatforms) = postSolution
		{B1C4C02C-1C31-43E8-804B-E322D34E5783}.Debug|Any CPU.ActiveCfg = Debug|Any CPU
		{B1C4C02C-1C31-43E8-804B-E322D34E5783}.Debug|Any CPU.Build.0 = Debug|Any CPU
		{B1C4C02C-1C31-43E8-804B-E322D34E5783}.Release|Any CPU.ActiveCfg = Release|Any CPU
		{B1C4C02C-1C31-43E8-804B-E322D34E5783}.Release|Any CPU.Build.0 = Release|Any CPU
	EndGlobalSection
	GlobalSection(SolutionProperties) = preSolution
		HideSolutionNode = FALSE
	EndGlobalSection
	GlobalSection(ExtensibilityGlobals) = postSolution
		SolutionGuid = {4B957EAA-ABE9-4F80-8979-41D5E5CE0331}
	EndGlobalSection
EndGlobal
