
Microsoft Visual Studio Solution File, Format Version 12.00
# Visual Studio Version 16
VisualStudioVersion = 16.0.29926.136
MinimumVisualStudioVersion = 10.0.40219.1
Project("{FAE04EC0-301F-11D3-BF4B-00C04F79EFBC}") = "Practising1", "Practising1\Practising1.csproj", "{2612255C-7C05-411E-82B2-B2051E8EE618}"
EndProject
Global
	GlobalSection(SolutionConfigurationPlatforms) = preSolution
		Debug|Any CPU = Debug|Any CPU
		Release|Any CPU = Release|Any CPU
	EndGlobalSection
	GlobalSection(ProjectConfigurationPlatforms) = postSolution
		{2612255C-7C05-411E-82B2-B2051E8EE618}.Debug|Any CPU.ActiveCfg = Debug|Any CPU
		{2612255C-7C05-411E-82B2-B2051E8EE618}.Debug|Any CPU.Build.0 = Debug|Any CPU
		{2612255C-7C05-411E-82B2-B2051E8EE618}.Release|Any CPU.ActiveCfg = Release|Any CPU
		{2612255C-7C05-411E-82B2-B2051E8EE618}.Release|Any CPU.Build.0 = Release|Any CPU
	EndGlobalSection
	GlobalSection(SolutionProperties) = preSolution
		HideSolutionNode = FALSE
	EndGlobalSection
	GlobalSection(ExtensibilityGlobals) = postSolution
		SolutionGuid = {C9B5A536-C3A0-4A5C-8478-7C750662813F}
	EndGlobalSection
EndGlobal
