
Microsoft Visual Studio Solution File, Format Version 12.00
# Visual Studio Version 16
VisualStudioVersion = 16.0.29926.136
MinimumVisualStudioVersion = 10.0.40219.1
Project("{FAE04EC0-301F-11D3-BF4B-00C04F79EFBC}") = "polymorphism1", "polymorphism1\polymorphism1.csproj", "{8EFE6DD8-5261-41E5-BC4B-F667789FBA75}"
EndProject
Global
	GlobalSection(SolutionConfigurationPlatforms) = preSolution
		Debug|Any CPU = Debug|Any CPU
		Release|Any CPU = Release|Any CPU
	EndGlobalSection
	GlobalSection(ProjectConfigurationPlatforms) = postSolution
		{8EFE6DD8-5261-41E5-BC4B-F667789FBA75}.Debug|Any CPU.ActiveCfg = Debug|Any CPU
		{8EFE6DD8-5261-41E5-BC4B-F667789FBA75}.Debug|Any CPU.Build.0 = Debug|Any CPU
		{8EFE6DD8-5261-41E5-BC4B-F667789FBA75}.Release|Any CPU.ActiveCfg = Release|Any CPU
		{8EFE6DD8-5261-41E5-BC4B-F667789FBA75}.Release|Any CPU.Build.0 = Release|Any CPU
	EndGlobalSection
	GlobalSection(SolutionProperties) = preSolution
		HideSolutionNode = FALSE
	EndGlobalSection
	GlobalSection(ExtensibilityGlobals) = postSolution
		SolutionGuid = {7DF88BC6-9DC4-4462-B747-96849D407D19}
	EndGlobalSection
EndGlobal
